
Microsoft Visual Studio Solution File, Format Version 12.00
# Visual Studio Version 16
VisualStudioVersion = 16.0.34301.259
MinimumVisualStudioVersion = 10.0.40219.1
Project("{8BC9CEB8-8B4A-11D0-8D11-00A0C91BC942}") = "TrackMouse", "TrackMouse.vcxproj", "{0854A66C-DBD0-4BB6-AA97-4E94CC58A92A}"
EndProject
Global
	GlobalSection(SolutionConfigurationPlatforms) = preSolution
		Debug|x64 = Debug|x64
		Debug|x86 = Debug|x86
		Release|x64 = Release|x64
		Release|x86 = Release|x86
	EndGlobalSection
	GlobalSection(ProjectConfigurationPlatforms) = postSolution
		{0854A66C-DBD0-4BB6-AA97-4E94CC58A92A}.Debug|x64.ActiveCfg = Debug|x64
		{0854A66C-DBD0-4BB6-AA97-4E94CC58A92A}.Debug|x64.Build.0 = Debug|x64
		{0854A66C-DBD0-4BB6-AA97-4E94CC58A92A}.Debug|x86.ActiveCfg = Debug|Win32
		{0854A66C-DBD0-4BB6-AA97-4E94CC58A92A}.Debug|x86.Build.0 = Debug|Win32
		{0854A66C-DBD0-4BB6-AA97-4E94CC58A92A}.Release|x64.ActiveCfg = Release|x64
		{0854A66C-DBD0-4BB6-AA97-4E94CC58A92A}.Release|x64.Build.0 = Release|x64
		{0854A66C-DBD0-4BB6-AA97-4E94CC58A92A}.Release|x86.ActiveCfg = Release|Win32
		{0854A66C-DBD0-4BB6-AA97-4E94CC58A92A}.Release|x86.Build.0 = Release|Win32
	EndGlobalSection
	GlobalSection(SolutionProperties) = preSolution
		HideSolutionNode = FALSE
	EndGlobalSection
	GlobalSection(ExtensibilityGlobals) = postSolution
		SolutionGuid = {41221900-FFCE-45D7-AEF1-246DCE376189}
	EndGlobalSection
EndGlobal
