
Microsoft Visual Studio Solution File, Format Version 12.00
# Visual Studio Version 16
VisualStudioVersion = 16.0.34301.259
MinimumVisualStudioVersion = 10.0.40219.1
Project("{8BC9CEB8-8B4A-11D0-8D11-00A0C91BC942}") = "S-OJT[W1-D1]", "S-OJT[W1-D1].vcxproj", "{A3DBAEB8-3D83-47DB-A165-344177EE53CF}"
EndProject
Global
	GlobalSection(SolutionConfigurationPlatforms) = preSolution
		Debug|x64 = Debug|x64
		Debug|x86 = Debug|x86
		Release|x64 = Release|x64
		Release|x86 = Release|x86
	EndGlobalSection
	GlobalSection(ProjectConfigurationPlatforms) = postSolution
		{A3DBAEB8-3D83-47DB-A165-344177EE53CF}.Debug|x64.ActiveCfg = Debug|x64
		{A3DBAEB8-3D83-47DB-A165-344177EE53CF}.Debug|x64.Build.0 = Debug|x64
		{A3DBAEB8-3D83-47DB-A165-344177EE53CF}.Debug|x86.ActiveCfg = Debug|Win32
		{A3DBAEB8-3D83-47DB-A165-344177EE53CF}.Debug|x86.Build.0 = Debug|Win32
		{A3DBAEB8-3D83-47DB-A165-344177EE53CF}.Release|x64.ActiveCfg = Release|x64
		{A3DBAEB8-3D83-47DB-A165-344177EE53CF}.Release|x64.Build.0 = Release|x64
		{A3DBAEB8-3D83-47DB-A165-344177EE53CF}.Release|x86.ActiveCfg = Release|Win32
		{A3DBAEB8-3D83-47DB-A165-344177EE53CF}.Release|x86.Build.0 = Release|Win32
	EndGlobalSection
	GlobalSection(SolutionProperties) = preSolution
		HideSolutionNode = FALSE
	EndGlobalSection
	GlobalSection(ExtensibilityGlobals) = postSolution
		SolutionGuid = {A89DE8A7-D5E0-4222-B481-284E9CAD186F}
	EndGlobalSection
EndGlobal
